
Microsoft Visual Studio Solution File, Format Version 12.00
# Visual Studio Version 17
VisualStudioVersion = 17.14.36616.10 d17.14
MinimumVisualStudioVersion = 10.0.40219.1
Project("{FAE04EC0-301F-11D3-BF4B-00C04F79EFBC}") = "Daily Report", "Daily Report\Daily Report.csproj", "{F2E5D81B-85E2-4539-889D-54B5AE6BF1F7}"
EndProject
Global
	GlobalSection(SolutionConfigurationPlatforms) = preSolution
		Debug|Any CPU = Debug|Any CPU
		Release|Any CPU = Release|Any CPU
	EndGlobalSection
	GlobalSection(ProjectConfigurationPlatforms) = postSolution
		{F2E5D81B-85E2-4539-889D-54B5AE6BF1F7}.Debug|Any CPU.ActiveCfg = Debug|Any CPU
		{F2E5D81B-85E2-4539-889D-54B5AE6BF1F7}.Debug|Any CPU.Build.0 = Debug|Any CPU
		{F2E5D81B-85E2-4539-889D-54B5AE6BF1F7}.Release|Any CPU.ActiveCfg = Release|Any CPU
		{F2E5D81B-85E2-4539-889D-54B5AE6BF1F7}.Release|Any CPU.Build.0 = Release|Any CPU
	EndGlobalSection
	GlobalSection(SolutionProperties) = preSolution
		HideSolutionNode = FALSE
	EndGlobalSection
	GlobalSection(ExtensibilityGlobals) = postSolution
		SolutionGuid = {0E035BD6-0B44-4ECA-8E90-9BE184594BC1}
	EndGlobalSection
EndGlobal
