
Microsoft Visual Studio Solution File, Format Version 12.00
# Visual Studio Version 17
VisualStudioVersion = 17.14.36616.10 d17.14
MinimumVisualStudioVersion = 10.0.40219.1
Project("{FAE04EC0-301F-11D3-BF4B-00C04F79EFBC}") = "BooleanLogicSubmission", "BooleanLogicSubmission\BooleanLogicSubmission.csproj", "{9DC1631D-244B-48CF-BBE5-177B9020E7DF}"
EndProject
Global
	GlobalSection(SolutionConfigurationPlatforms) = preSolution
		Debug|Any CPU = Debug|Any CPU
		Release|Any CPU = Release|Any CPU
	EndGlobalSection
	GlobalSection(ProjectConfigurationPlatforms) = postSolution
		{9DC1631D-244B-48CF-BBE5-177B9020E7DF}.Debug|Any CPU.ActiveCfg = Debug|Any CPU
		{9DC1631D-244B-48CF-BBE5-177B9020E7DF}.Debug|Any CPU.Build.0 = Debug|Any CPU
		{9DC1631D-244B-48CF-BBE5-177B9020E7DF}.Release|Any CPU.ActiveCfg = Release|Any CPU
		{9DC1631D-244B-48CF-BBE5-177B9020E7DF}.Release|Any CPU.Build.0 = Release|Any CPU
	EndGlobalSection
	GlobalSection(SolutionProperties) = preSolution
		HideSolutionNode = FALSE
	EndGlobalSection
	GlobalSection(ExtensibilityGlobals) = postSolution
		SolutionGuid = {EBFAD02D-3371-4065-841A-57445CC80BB8}
	EndGlobalSection
EndGlobal
