
Microsoft Visual Studio Solution File, Format Version 12.00
# Visual Studio Version 17
VisualStudioVersion = 17.14.36623.8 d17.14
MinimumVisualStudioVersion = 10.0.40219.1
Project("{FAE04EC0-301F-11D3-BF4B-00C04F79EFBC}") = "CarInsurance", "CarInsurance\CarInsurance.csproj", "{579D2323-ED25-40A7-962C-B5D2065A54E0}"
EndProject
Global
	GlobalSection(SolutionConfigurationPlatforms) = preSolution
		Debug|Any CPU = Debug|Any CPU
		Release|Any CPU = Release|Any CPU
	EndGlobalSection
	GlobalSection(ProjectConfigurationPlatforms) = postSolution
		{579D2323-ED25-40A7-962C-B5D2065A54E0}.Debug|Any CPU.ActiveCfg = Debug|Any CPU
		{579D2323-ED25-40A7-962C-B5D2065A54E0}.Debug|Any CPU.Build.0 = Debug|Any CPU
		{579D2323-ED25-40A7-962C-B5D2065A54E0}.Release|Any CPU.ActiveCfg = Release|Any CPU
		{579D2323-ED25-40A7-962C-B5D2065A54E0}.Release|Any CPU.Build.0 = Release|Any CPU
	EndGlobalSection
	GlobalSection(SolutionProperties) = preSolution
		HideSolutionNode = FALSE
	EndGlobalSection
	GlobalSection(ExtensibilityGlobals) = postSolution
		SolutionGuid = {3E4DCC57-05E6-4D4B-AF1F-03F02E67299E}
	EndGlobalSection
EndGlobal
