
Microsoft Visual Studio Solution File, Format Version 12.00
# Visual Studio Version 17
VisualStudioVersion = 17.14.36623.8 d17.14
MinimumVisualStudioVersion = 10.0.40219.1
Project("{FAE04EC0-301F-11D3-BF4B-00C04F79EFBC}") = "CarInsurance", "CarInsurance\CarInsurance.csproj", "{EE732D71-6E78-46A0-9063-1328E20B4FD2}"
EndProject
Global
	GlobalSection(SolutionConfigurationPlatforms) = preSolution
		Debug|Any CPU = Debug|Any CPU
		Release|Any CPU = Release|Any CPU
	EndGlobalSection
	GlobalSection(ProjectConfigurationPlatforms) = postSolution
		{EE732D71-6E78-46A0-9063-1328E20B4FD2}.Debug|Any CPU.ActiveCfg = Debug|Any CPU
		{EE732D71-6E78-46A0-9063-1328E20B4FD2}.Debug|Any CPU.Build.0 = Debug|Any CPU
		{EE732D71-6E78-46A0-9063-1328E20B4FD2}.Release|Any CPU.ActiveCfg = Release|Any CPU
		{EE732D71-6E78-46A0-9063-1328E20B4FD2}.Release|Any CPU.Build.0 = Release|Any CPU
	EndGlobalSection
	GlobalSection(SolutionProperties) = preSolution
		HideSolutionNode = FALSE
	EndGlobalSection
	GlobalSection(ExtensibilityGlobals) = postSolution
		SolutionGuid = {F10748B3-4DA8-41BA-A077-4460606E152A}
	EndGlobalSection
EndGlobal
