
Microsoft Visual Studio Solution File, Format Version 12.00
# Visual Studio Version 17
VisualStudioVersion = 17.14.36616.10 d17.14
MinimumVisualStudioVersion = 10.0.40219.1
Project("{FAE04EC0-301F-11D3-BF4B-00C04F79EFBC}") = "ConsoleAppArraySubmissionAssignment", "ConsoleAppArraySubmissionAssignment\ConsoleAppArraySubmissionAssignment.csproj", "{64DCF793-4741-4CB2-B600-3482D98E85FA}"
EndProject
Global
	GlobalSection(SolutionConfigurationPlatforms) = preSolution
		Debug|Any CPU = Debug|Any CPU
		Release|Any CPU = Release|Any CPU
	EndGlobalSection
	GlobalSection(ProjectConfigurationPlatforms) = postSolution
		{64DCF793-4741-4CB2-B600-3482D98E85FA}.Debug|Any CPU.ActiveCfg = Debug|Any CPU
		{64DCF793-4741-4CB2-B600-3482D98E85FA}.Debug|Any CPU.Build.0 = Debug|Any CPU
		{64DCF793-4741-4CB2-B600-3482D98E85FA}.Release|Any CPU.ActiveCfg = Release|Any CPU
		{64DCF793-4741-4CB2-B600-3482D98E85FA}.Release|Any CPU.Build.0 = Release|Any CPU
	EndGlobalSection
	GlobalSection(SolutionProperties) = preSolution
		HideSolutionNode = FALSE
	EndGlobalSection
	GlobalSection(ExtensibilityGlobals) = postSolution
		SolutionGuid = {C784761C-01F3-4F19-9FE6-EB16ABD6DDB7}
	EndGlobalSection
EndGlobal
